
Microsoft Visual Studio Solution File, Format Version 12.00
# Visual Studio Version 16
VisualStudioVersion = 16.0.28803.916
MinimumVisualStudioVersion = 10.0.40219.1
Project("{FAE04EC0-301F-11D3-BF4B-00C04F79EFBC}") = "exercício array", "exercício array\exercício array.csproj", "{24F9B552-9FEE-4BAD-AD54-8FBC9CBDE279}"
EndProject
Global
	GlobalSection(SolutionConfigurationPlatforms) = preSolution
		Debug|Any CPU = Debug|Any CPU
		Release|Any CPU = Release|Any CPU
	EndGlobalSection
	GlobalSection(ProjectConfigurationPlatforms) = postSolution
		{24F9B552-9FEE-4BAD-AD54-8FBC9CBDE279}.Debug|Any CPU.ActiveCfg = Debug|Any CPU
		{24F9B552-9FEE-4BAD-AD54-8FBC9CBDE279}.Debug|Any CPU.Build.0 = Debug|Any CPU
		{24F9B552-9FEE-4BAD-AD54-8FBC9CBDE279}.Release|Any CPU.ActiveCfg = Release|Any CPU
		{24F9B552-9FEE-4BAD-AD54-8FBC9CBDE279}.Release|Any CPU.Build.0 = Release|Any CPU
	EndGlobalSection
	GlobalSection(SolutionProperties) = preSolution
		HideSolutionNode = FALSE
	EndGlobalSection
	GlobalSection(ExtensibilityGlobals) = postSolution
		SolutionGuid = {DE8FCB02-7633-4B92-AD0D-484989E049B9}
	EndGlobalSection
EndGlobal
